
Microsoft Visual Studio Solution File, Format Version 12.00
# Visual Studio Express 2012 for Windows Desktop
Project("{8BC9CEB8-8B4A-11D0-8D11-00A0C91BC942}") = "S3Algorithm", "S3Algorithm\S3Algorithm.vcxproj", "{84FB49FD-4217-4033-86ED-45A41F83695F}"
EndProject
Project("{8BC9CEB8-8B4A-11D0-8D11-00A0C91BC942}") = "SharpnessMap", "SharpnessMap\SharpnessMap.vcxproj", "{CFCE6934-2F41-4331-87C2-1C6AD756ED4E}"
EndProject
Global
	GlobalSection(SolutionConfigurationPlatforms) = preSolution
		Debug|Win32 = Debug|Win32
		Release|Win32 = Release|Win32
	EndGlobalSection
	GlobalSection(ProjectConfigurationPlatforms) = postSolution
		{84FB49FD-4217-4033-86ED-45A41F83695F}.Debug|Win32.ActiveCfg = Debug|Win32
		{84FB49FD-4217-4033-86ED-45A41F83695F}.Debug|Win32.Build.0 = Debug|Win32
		{84FB49FD-4217-4033-86ED-45A41F83695F}.Release|Win32.ActiveCfg = Release|Win32
		{84FB49FD-4217-4033-86ED-45A41F83695F}.Release|Win32.Build.0 = Release|Win32
		{CFCE6934-2F41-4331-87C2-1C6AD756ED4E}.Debug|Win32.ActiveCfg = Debug|Win32
		{CFCE6934-2F41-4331-87C2-1C6AD756ED4E}.Debug|Win32.Build.0 = Debug|Win32
		{CFCE6934-2F41-4331-87C2-1C6AD756ED4E}.Release|Win32.ActiveCfg = Release|Win32
		{CFCE6934-2F41-4331-87C2-1C6AD756ED4E}.Release|Win32.Build.0 = Release|Win32
	EndGlobalSection
	GlobalSection(SolutionProperties) = preSolution
		HideSolutionNode = FALSE
	EndGlobalSection
EndGlobal
